{
  "name": "fdbt-types",
  "version": "0.1.0",
  "lockfileVersion": 3,
  "requires": true,
  "packages": {
    "": {
      "name": "fdbt-types",
      "version": "0.1.0",
      "license": "ISC",
      "dependencies": {
        "typescript": "4.3.5"
      }
    },
    "node_modules/typescript": {
      "version": "4.3.5",
      "license": "Apache-2.0",
      "bin": {
        "tsc": "bin/tsc",
        "tsserver": "bin/tsserver"
      },
      "engines": {
        "node": ">=4.2.0"
      }
    }
  }
}
