{
  "name": "fares-data-build-tool",
  "version": "1.0.0",
  "lockfileVersion": 1,
  "requires": true,
  "dependencies": {
    "@types/csvtojson": {
      "version": "1.1.5",
      "resolved": "https://registry.npmjs.org/@types/csvtojson/-/csvtojson-1.1.5.tgz",
      "integrity": "sha512-REZcfXN1h2JLoSc066GAdUKP2OpNiG3mIpgyjZWB5RKhBOZc5xmAZwavbP6O7vKMZ+jYTqbwUNucMBl7dw68JA==",
      "requires": {
        "@types/node": "*"
      }
    },
    "@types/node": {
      "version": "13.1.6",
      "resolved": "https://registry.npmjs.org/@types/node/-/node-13.1.6.tgz",
      "integrity": "sha512-Jg1F+bmxcpENHP23sVKkNuU3uaxPnsBMW0cLjleiikFKomJQbsn0Cqk2yDvQArqzZN6ABfBkZ0To7pQ8sLdWDg=="
    }
  }
}
